{
  "name": "shop.ivansherbs.com",
  "version": "1.0.0",
  "lockfileVersion": 1,
  "requires": true,
  "dependencies": {
    "paypal-express-checkout": {
      "version": "1.6.3",
      "resolved": "https://registry.npmjs.org/paypal-express-checkout/-/paypal-express-checkout-1.6.3.tgz",
      "integrity": "sha512-UiTt2MKB89Z8FlXwmRfvcFX3z4FCo8ZjizXkWZ27Iwe19KQM5nG9FWevA0UAtZdgb+PRfEbQ0iM8KrgJ4OyhxQ=="
    },
    "total.js": {
      "version": "3.1.0",
      "resolved": "https://registry.npmjs.org/total.js/-/total.js-3.1.0.tgz",
      "integrity": "sha512-lWWOhmU9Y84FjrKg2/Mk/uBXUOiRzpZhKJd5XNG1FaO3/fVvst1Z6VDlrgAC1y7kXS/p+uW3CP8tp3fA803gFQ=="
    }
  }
}
